
Microsoft Visual Studio Solution File, Format Version 12.00
# Visual Studio 2012
Project("{FAE04EC0-301F-11D3-BF4B-00C04F79EFBC}") = "Client", "Client\Client.csproj", "{3AB8C1EB-9D36-4B2E-8CD7-6B2187F5A9F4}"
EndProject
Project("{FAE04EC0-301F-11D3-BF4B-00C04F79EFBC}") = "PostOffice", "..\ChatProject Server v4\PostOffice\PostOffice.csproj", "{3573A76F-44A4-4570-AE1A-6E41F2B9EE7F}"
EndProject
Project("{FAE04EC0-301F-11D3-BF4B-00C04F79EFBC}") = "ChatProject", "..\ChatProject Server v4\ChatProject\ChatProject.csproj", "{D65A234B-73C3-497E-875C-939F4DF4F8FD}"
EndProject
Global
	GlobalSection(SolutionConfigurationPlatforms) = preSolution
		Debug|Any CPU = Debug|Any CPU
		Release|Any CPU = Release|Any CPU
	EndGlobalSection
	GlobalSection(ProjectConfigurationPlatforms) = postSolution
		{3AB8C1EB-9D36-4B2E-8CD7-6B2187F5A9F4}.Debug|Any CPU.ActiveCfg = Debug|Any CPU
		{3AB8C1EB-9D36-4B2E-8CD7-6B2187F5A9F4}.Debug|Any CPU.Build.0 = Debug|Any CPU
		{3AB8C1EB-9D36-4B2E-8CD7-6B2187F5A9F4}.Release|Any CPU.ActiveCfg = Release|Any CPU
		{3AB8C1EB-9D36-4B2E-8CD7-6B2187F5A9F4}.Release|Any CPU.Build.0 = Release|Any CPU
		{3573A76F-44A4-4570-AE1A-6E41F2B9EE7F}.Debug|Any CPU.ActiveCfg = Debug|Any CPU
		{3573A76F-44A4-4570-AE1A-6E41F2B9EE7F}.Debug|Any CPU.Build.0 = Debug|Any CPU
		{3573A76F-44A4-4570-AE1A-6E41F2B9EE7F}.Release|Any CPU.ActiveCfg = Release|Any CPU
		{3573A76F-44A4-4570-AE1A-6E41F2B9EE7F}.Release|Any CPU.Build.0 = Release|Any CPU
		{D65A234B-73C3-497E-875C-939F4DF4F8FD}.Debug|Any CPU.ActiveCfg = Debug|Any CPU
		{D65A234B-73C3-497E-875C-939F4DF4F8FD}.Debug|Any CPU.Build.0 = Debug|Any CPU
		{D65A234B-73C3-497E-875C-939F4DF4F8FD}.Release|Any CPU.ActiveCfg = Release|Any CPU
		{D65A234B-73C3-497E-875C-939F4DF4F8FD}.Release|Any CPU.Build.0 = Release|Any CPU
	EndGlobalSection
	GlobalSection(SolutionProperties) = preSolution
		HideSolutionNode = FALSE
	EndGlobalSection
	GlobalSection(Performance) = preSolution
		HasPerformanceSessions = true
	EndGlobalSection
EndGlobal
